
Microsoft Visual Studio Solution File, Format Version 12.00
Project("{2150E333-8FDC-42A3-9474-1A3956D46DE8}") = "Solution Items", "Solution Items", "{677D03BC-52DA-4970-900B-6E1AD152D3DE}"
EndProject
Project("{2150E333-8FDC-42A3-9474-1A3956D46DE8}") = "src", "src", "{671968D0-9D8E-4D2C-A13C-ECD851447808}"
EndProject
Project("{2150E333-8FDC-42A3-9474-1A3956D46DE8}") = "tests", "tests", "{89F2D219-4ABB-4908-902D-ADDDDDC19D7D}"
EndProject
Project("{FAE04EC0-301F-11D3-BF4B-00C04F79EFBC}") = "HaveIBeenRefitted", "src\HaveIBeenRefitted\HaveIBeenRefitted.csproj", "{3D9D05B1-FDA5-48AC-9567-E2EEE4DA720A}"
EndProject
Project("{FAE04EC0-301F-11D3-BF4B-00C04F79EFBC}") = "HaveIBeenRefitted.UnitTests", "tests\HaveIBeenRefitted.UnitTests\HaveIBeenRefitted.UnitTests.csproj", "{C4A587C4-8CEE-4048-A24E-4BC4A24E5B92}"
EndProject
Project("{2150E333-8FDC-42A3-9474-1A3956D46DE8}") = "samples", "samples", "{BB5C9BBA-ADDF-4123-B1AD-56301C6CB024}"
EndProject
Global
	GlobalSection(SolutionConfigurationPlatforms) = preSolution
		Debug|Any CPU = Debug|Any CPU
		Release|Any CPU = Release|Any CPU
	EndGlobalSection
	GlobalSection(ProjectConfigurationPlatforms) = postSolution
		{3D9D05B1-FDA5-48AC-9567-E2EEE4DA720A}.Debug|Any CPU.ActiveCfg = Debug|Any CPU
		{3D9D05B1-FDA5-48AC-9567-E2EEE4DA720A}.Debug|Any CPU.Build.0 = Debug|Any CPU
		{3D9D05B1-FDA5-48AC-9567-E2EEE4DA720A}.Release|Any CPU.ActiveCfg = Release|Any CPU
		{3D9D05B1-FDA5-48AC-9567-E2EEE4DA720A}.Release|Any CPU.Build.0 = Release|Any CPU
		{C4A587C4-8CEE-4048-A24E-4BC4A24E5B92}.Debug|Any CPU.ActiveCfg = Debug|Any CPU
		{C4A587C4-8CEE-4048-A24E-4BC4A24E5B92}.Debug|Any CPU.Build.0 = Debug|Any CPU
		{C4A587C4-8CEE-4048-A24E-4BC4A24E5B92}.Release|Any CPU.ActiveCfg = Release|Any CPU
		{C4A587C4-8CEE-4048-A24E-4BC4A24E5B92}.Release|Any CPU.Build.0 = Release|Any CPU
	EndGlobalSection
	GlobalSection(NestedProjects) = preSolution
		{3D9D05B1-FDA5-48AC-9567-E2EEE4DA720A} = {671968D0-9D8E-4D2C-A13C-ECD851447808}
		{C4A587C4-8CEE-4048-A24E-4BC4A24E5B92} = {89F2D219-4ABB-4908-902D-ADDDDDC19D7D}
	EndGlobalSection
EndGlobal
